
Microsoft Visual Studio Solution File, Format Version 12.00
# Visual Studio Version 16
VisualStudioVersion = 16.0.29418.71
MinimumVisualStudioVersion = 10.0.40219.1
Project("{FAE04EC0-301F-11D3-BF4B-00C04F79EFBC}") = "WorkforceManagement", "WorkforceManagement\WorkforceManagement.csproj", "{ABA46521-2F7B-4628-9D6E-832F6DFC9D8D}"
EndProject
Global
	GlobalSection(SolutionConfigurationPlatforms) = preSolution
		Debug|Any CPU = Debug|Any CPU
		Release|Any CPU = Release|Any CPU
	EndGlobalSection
	GlobalSection(ProjectConfigurationPlatforms) = postSolution
		{ABA46521-2F7B-4628-9D6E-832F6DFC9D8D}.Debug|Any CPU.ActiveCfg = Debug|Any CPU
		{ABA46521-2F7B-4628-9D6E-832F6DFC9D8D}.Debug|Any CPU.Build.0 = Debug|Any CPU
		{ABA46521-2F7B-4628-9D6E-832F6DFC9D8D}.Release|Any CPU.ActiveCfg = Release|Any CPU
		{ABA46521-2F7B-4628-9D6E-832F6DFC9D8D}.Release|Any CPU.Build.0 = Release|Any CPU
	EndGlobalSection
	GlobalSection(SolutionProperties) = preSolution
		HideSolutionNode = FALSE
	EndGlobalSection
	GlobalSection(ExtensibilityGlobals) = postSolution
		SolutionGuid = {FDF66A19-6CA2-4CFA-840A-41DFE899B6CA}
	EndGlobalSection
EndGlobal
